
Microsoft Visual Studio Solution File, Format Version 12.00
# Visual Studio 15
VisualStudioVersion = 15.0.26730.16
MinimumVisualStudioVersion = 10.0.40219.1
Project("{FAE04EC0-301F-11D3-BF4B-00C04F79EFBC}") = "GridExercise.Android", "GridExercise\GridExercise.Android\GridExercise.Android.csproj", "{A6D787AF-E92F-4FD0-8BA1-1F6FB03A64C9}"
EndProject
Project("{FAE04EC0-301F-11D3-BF4B-00C04F79EFBC}") = "GridExercise", "GridExercise\GridExercise\GridExercise.csproj", "{FD31EFBA-928D-4408-B440-9774CDCEA918}"
EndProject
Project("{FAE04EC0-301F-11D3-BF4B-00C04F79EFBC}") = "GridExercise.UWP", "GridExercise\GridExercise.UWP\GridExercise.UWP.csproj", "{4A8783B7-E037-47C4-AC2E-FF27F5B6E842}"
EndProject
Project("{FAE04EC0-301F-11D3-BF4B-00C04F79EFBC}") = "GridExercise.iOS", "GridExercise\GridExercise.iOS\GridExercise.iOS.csproj", "{FFBD8ED0-5B4D-4CA2-BD3B-11497B087A80}"
EndProject
Global
	GlobalSection(SolutionConfigurationPlatforms) = preSolution
		Ad-Hoc|Any CPU = Ad-Hoc|Any CPU
		Ad-Hoc|ARM = Ad-Hoc|ARM
		Ad-Hoc|iPhone = Ad-Hoc|iPhone
		Ad-Hoc|iPhoneSimulator = Ad-Hoc|iPhoneSimulator
		Ad-Hoc|x64 = Ad-Hoc|x64
		Ad-Hoc|x86 = Ad-Hoc|x86
		AppStore|Any CPU = AppStore|Any CPU
		AppStore|ARM = AppStore|ARM
		AppStore|iPhone = AppStore|iPhone
		AppStore|iPhoneSimulator = AppStore|iPhoneSimulator
		AppStore|x64 = AppStore|x64
		AppStore|x86 = AppStore|x86
		Debug|Any CPU = Debug|Any CPU
		Debug|ARM = Debug|ARM
		Debug|iPhone = Debug|iPhone
		Debug|iPhoneSimulator = Debug|iPhoneSimulator
		Debug|x64 = Debug|x64
		Debug|x86 = Debug|x86
		Release|Any CPU = Release|Any CPU
		Release|ARM = Release|ARM
		Release|iPhone = Release|iPhone
		Release|iPhoneSimulator = Release|iPhoneSimulator
		Release|x64 = Release|x64
		Release|x86 = Release|x86
	EndGlobalSection
	GlobalSection(ProjectConfigurationPlatforms) = postSolution
		{A6D787AF-E92F-4FD0-8BA1-1F6FB03A64C9}.Ad-Hoc|Any CPU.ActiveCfg = Release|Any CPU
		{A6D787AF-E92F-4FD0-8BA1-1F6FB03A64C9}.Ad-Hoc|Any CPU.Build.0 = Release|Any CPU
		{A6D787AF-E92F-4FD0-8BA1-1F6FB03A64C9}.Ad-Hoc|Any CPU.Deploy.0 = Release|Any CPU
		{A6D787AF-E92F-4FD0-8BA1-1F6FB03A64C9}.Ad-Hoc|ARM.ActiveCfg = Release|Any CPU
		{A6D787AF-E92F-4FD0-8BA1-1F6FB03A64C9}.Ad-Hoc|ARM.Build.0 = Release|Any CPU
		{A6D787AF-E92F-4FD0-8BA1-1F6FB03A64C9}.Ad-Hoc|ARM.Deploy.0 = Release|Any CPU
		{A6D787AF-E92F-4FD0-8BA1-1F6FB03A64C9}.Ad-Hoc|iPhone.ActiveCfg = Release|Any CPU
		{A6D787AF-E92F-4FD0-8BA1-1F6FB03A64C9}.Ad-Hoc|iPhone.Build.0 = Release|Any CPU
		{A6D787AF-E92F-4FD0-8BA1-1F6FB03A64C9}.Ad-Hoc|iPhone.Deploy.0 = Release|Any CPU
		{A6D787AF-E92F-4FD0-8BA1-1F6FB03A64C9}.Ad-Hoc|iPhoneSimulator.ActiveCfg = Release|Any CPU
		{A6D787AF-E92F-4FD0-8BA1-1F6FB03A64C9}.Ad-Hoc|iPhoneSimulator.Build.0 = Release|Any CPU
		{A6D787AF-E92F-4FD0-8BA1-1F6FB03A64C9}.Ad-Hoc|iPhoneSimulator.Deploy.0 = Release|Any CPU
		{A6D787AF-E92F-4FD0-8BA1-1F6FB03A64C9}.Ad-Hoc|x64.ActiveCfg = Release|Any CPU
		{A6D787AF-E92F-4FD0-8BA1-1F6FB03A64C9}.Ad-Hoc|x64.Build.0 = Release|Any CPU
		{A6D787AF-E92F-4FD0-8BA1-1F6FB03A64C9}.Ad-Hoc|x64.Deploy.0 = Release|Any CPU
		{A6D787AF-E92F-4FD0-8BA1-1F6FB03A64C9}.Ad-Hoc|x86.ActiveCfg = Release|Any CPU
		{A6D787AF-E92F-4FD0-8BA1-1F6FB03A64C9}.Ad-Hoc|x86.Build.0 = Release|Any CPU
		{A6D787AF-E92F-4FD0-8BA1-1F6FB03A64C9}.Ad-Hoc|x86.Deploy.0 = Release|Any CPU
		{A6D787AF-E92F-4FD0-8BA1-1F6FB03A64C9}.AppStore|Any CPU.ActiveCfg = Release|Any CPU
		{A6D787AF-E92F-4FD0-8BA1-1F6FB03A64C9}.AppStore|Any CPU.Build.0 = Release|Any CPU
		{A6D787AF-E92F-4FD0-8BA1-1F6FB03A64C9}.AppStore|Any CPU.Deploy.0 = Release|Any CPU
		{A6D787AF-E92F-4FD0-8BA1-1F6FB03A64C9}.AppStore|ARM.ActiveCfg = Release|Any CPU
		{A6D787AF-E92F-4FD0-8BA1-1F6FB03A64C9}.AppStore|ARM.Build.0 = Release|Any CPU
		{A6D787AF-E92F-4FD0-8BA1-1F6FB03A64C9}.AppStore|ARM.Deploy.0 = Release|Any CPU
		{A6D787AF-E92F-4FD0-8BA1-1F6FB03A64C9}.AppStore|iPhone.ActiveCfg = Release|Any CPU
		{A6D787AF-E92F-4FD0-8BA1-1F6FB03A64C9}.AppStore|iPhone.Build.0 = Release|Any CPU
		{A6D787AF-E92F-4FD0-8BA1-1F6FB03A64C9}.AppStore|iPhone.Deploy.0 = Release|Any CPU
		{A6D787AF-E92F-4FD0-8BA1-1F6FB03A64C9}.AppStore|iPhoneSimulator.ActiveCfg = Release|Any CPU
		{A6D787AF-E92F-4FD0-8BA1-1F6FB03A64C9}.AppStore|iPhoneSimulator.Build.0 = Release|Any CPU
		{A6D787AF-E92F-4FD0-8BA1-1F6FB03A64C9}.AppStore|iPhoneSimulator.Deploy.0 = Release|Any CPU
		{A6D787AF-E92F-4FD0-8BA1-1F6FB03A64C9}.AppStore|x64.ActiveCfg = Release|Any CPU
		{A6D787AF-E92F-4FD0-8BA1-1F6FB03A64C9}.AppStore|x64.Build.0 = Release|Any CPU
		{A6D787AF-E92F-4FD0-8BA1-1F6FB03A64C9}.AppStore|x64.Deploy.0 = Release|Any CPU
		{A6D787AF-E92F-4FD0-8BA1-1F6FB03A64C9}.AppStore|x86.ActiveCfg = Release|Any CPU
		{A6D787AF-E92F-4FD0-8BA1-1F6FB03A64C9}.AppStore|x86.Build.0 = Release|Any CPU
		{A6D787AF-E92F-4FD0-8BA1-1F6FB03A64C9}.AppStore|x86.Deploy.0 = Release|Any CPU
		{A6D787AF-E92F-4FD0-8BA1-1F6FB03A64C9}.Debug|Any CPU.ActiveCfg = Debug|Any CPU
		{A6D787AF-E92F-4FD0-8BA1-1F6FB03A64C9}.Debug|Any CPU.Build.0 = Debug|Any CPU
		{A6D787AF-E92F-4FD0-8BA1-1F6FB03A64C9}.Debug|Any CPU.Deploy.0 = Debug|Any CPU
		{A6D787AF-E92F-4FD0-8BA1-1F6FB03A64C9}.Debug|ARM.ActiveCfg = Debug|Any CPU
		{A6D787AF-E92F-4FD0-8BA1-1F6FB03A64C9}.Debug|ARM.Build.0 = Debug|Any CPU
		{A6D787AF-E92F-4FD0-8BA1-1F6FB03A64C9}.Debug|ARM.Deploy.0 = Debug|Any CPU
		{A6D787AF-E92F-4FD0-8BA1-1F6FB03A64C9}.Debug|iPhone.ActiveCfg = Debug|Any CPU
		{A6D787AF-E92F-4FD0-8BA1-1F6FB03A64C9}.Debug|iPhone.Build.0 = Debug|Any CPU
		{A6D787AF-E92F-4FD0-8BA1-1F6FB03A64C9}.Debug|iPhone.Deploy.0 = Debug|Any CPU
		{A6D787AF-E92F-4FD0-8BA1-1F6FB03A64C9}.Debug|iPhoneSimulator.ActiveCfg = Debug|Any CPU
		{A6D787AF-E92F-4FD0-8BA1-1F6FB03A64C9}.Debug|iPhoneSimulator.Build.0 = Debug|Any CPU
		{A6D787AF-E92F-4FD0-8BA1-1F6FB03A64C9}.Debug|iPhoneSimulator.Deploy.0 = Debug|Any CPU
		{A6D787AF-E92F-4FD0-8BA1-1F6FB03A64C9}.Debug|x64.ActiveCfg = Debug|Any CPU
		{A6D787AF-E92F-4FD0-8BA1-1F6FB03A64C9}.Debug|x64.Build.0 = Debug|Any CPU
		{A6D787AF-E92F-4FD0-8BA1-1F6FB03A64C9}.Debug|x64.Deploy.0 = Debug|Any CPU
		{A6D787AF-E92F-4FD0-8BA1-1F6FB03A64C9}.Debug|x86.ActiveCfg = Debug|Any CPU
		{A6D787AF-E92F-4FD0-8BA1-1F6FB03A64C9}.Debug|x86.Build.0 = Debug|Any CPU
		{A6D787AF-E92F-4FD0-8BA1-1F6FB03A64C9}.Debug|x86.Deploy.0 = Debug|Any CPU
		{A6D787AF-E92F-4FD0-8BA1-1F6FB03A64C9}.Release|Any CPU.ActiveCfg = Release|Any CPU
		{A6D787AF-E92F-4FD0-8BA1-1F6FB03A64C9}.Release|Any CPU.Build.0 = Release|Any CPU
		{A6D787AF-E92F-4FD0-8BA1-1F6FB03A64C9}.Release|Any CPU.Deploy.0 = Release|Any CPU
		{A6D787AF-E92F-4FD0-8BA1-1F6FB03A64C9}.Release|ARM.ActiveCfg = Release|Any CPU
		{A6D787AF-E92F-4FD0-8BA1-1F6FB03A64C9}.Release|ARM.Build.0 = Release|Any CPU
		{A6D787AF-E92F-4FD0-8BA1-1F6FB03A64C9}.Release|ARM.Deploy.0 = Release|Any CPU
		{A6D787AF-E92F-4FD0-8BA1-1F6FB03A64C9}.Release|iPhone.ActiveCfg = Release|Any CPU
		{A6D787AF-E92F-4FD0-8BA1-1F6FB03A64C9}.Release|iPhone.Build.0 = Release|Any CPU
		{A6D787AF-E92F-4FD0-8BA1-1F6FB03A64C9}.Release|iPhone.Deploy.0 = Release|Any CPU
		{A6D787AF-E92F-4FD0-8BA1-1F6FB03A64C9}.Release|iPhoneSimulator.ActiveCfg = Release|Any CPU
		{A6D787AF-E92F-4FD0-8BA1-1F6FB03A64C9}.Release|iPhoneSimulator.Build.0 = Release|Any CPU
		{A6D787AF-E92F-4FD0-8BA1-1F6FB03A64C9}.Release|iPhoneSimulator.Deploy.0 = Release|Any CPU
		{A6D787AF-E92F-4FD0-8BA1-1F6FB03A64C9}.Release|x64.ActiveCfg = Release|Any CPU
		{A6D787AF-E92F-4FD0-8BA1-1F6FB03A64C9}.Release|x64.Build.0 = Release|Any CPU
		{A6D787AF-E92F-4FD0-8BA1-1F6FB03A64C9}.Release|x64.Deploy.0 = Release|Any CPU
		{A6D787AF-E92F-4FD0-8BA1-1F6FB03A64C9}.Release|x86.ActiveCfg = Release|Any CPU
		{A6D787AF-E92F-4FD0-8BA1-1F6FB03A64C9}.Release|x86.Build.0 = Release|Any CPU
		{A6D787AF-E92F-4FD0-8BA1-1F6FB03A64C9}.Release|x86.Deploy.0 = Release|Any CPU
		{FD31EFBA-928D-4408-B440-9774CDCEA918}.Ad-Hoc|Any CPU.ActiveCfg = Release|Any CPU
		{FD31EFBA-928D-4408-B440-9774CDCEA918}.Ad-Hoc|Any CPU.Build.0 = Release|Any CPU
		{FD31EFBA-928D-4408-B440-9774CDCEA918}.Ad-Hoc|ARM.ActiveCfg = Release|Any CPU
		{FD31EFBA-928D-4408-B440-9774CDCEA918}.Ad-Hoc|ARM.Build.0 = Release|Any CPU
		{FD31EFBA-928D-4408-B440-9774CDCEA918}.Ad-Hoc|iPhone.ActiveCfg = Release|Any CPU
		{FD31EFBA-928D-4408-B440-9774CDCEA918}.Ad-Hoc|iPhone.Build.0 = Release|Any CPU
		{FD31EFBA-928D-4408-B440-9774CDCEA918}.Ad-Hoc|iPhoneSimulator.ActiveCfg = Release|Any CPU
		{FD31EFBA-928D-4408-B440-9774CDCEA918}.Ad-Hoc|iPhoneSimulator.Build.0 = Release|Any CPU
		{FD31EFBA-928D-4408-B440-9774CDCEA918}.Ad-Hoc|x64.ActiveCfg = Release|Any CPU
		{FD31EFBA-928D-4408-B440-9774CDCEA918}.Ad-Hoc|x64.Build.0 = Release|Any CPU
		{FD31EFBA-928D-4408-B440-9774CDCEA918}.Ad-Hoc|x86.ActiveCfg = Release|Any CPU
		{FD31EFBA-928D-4408-B440-9774CDCEA918}.Ad-Hoc|x86.Build.0 = Release|Any CPU
		{FD31EFBA-928D-4408-B440-9774CDCEA918}.AppStore|Any CPU.ActiveCfg = Release|Any CPU
		{FD31EFBA-928D-4408-B440-9774CDCEA918}.AppStore|Any CPU.Build.0 = Release|Any CPU
		{FD31EFBA-928D-4408-B440-9774CDCEA918}.AppStore|ARM.ActiveCfg = Release|Any CPU
		{FD31EFBA-928D-4408-B440-9774CDCEA918}.AppStore|ARM.Build.0 = Release|Any CPU
		{FD31EFBA-928D-4408-B440-9774CDCEA918}.AppStore|iPhone.ActiveCfg = Release|Any CPU
		{FD31EFBA-928D-4408-B440-9774CDCEA918}.AppStore|iPhone.Build.0 = Release|Any CPU
		{FD31EFBA-928D-4408-B440-9774CDCEA918}.AppStore|iPhoneSimulator.ActiveCfg = Release|Any CPU
		{FD31EFBA-928D-4408-B440-9774CDCEA918}.AppStore|iPhoneSimulator.Build.0 = Release|Any CPU
		{FD31EFBA-928D-4408-B440-9774CDCEA918}.AppStore|x64.ActiveCfg = Release|Any CPU
		{FD31EFBA-928D-4408-B440-9774CDCEA918}.AppStore|x64.Build.0 = Release|Any CPU
		{FD31EFBA-928D-4408-B440-9774CDCEA918}.AppStore|x86.ActiveCfg = Release|Any CPU
		{FD31EFBA-928D-4408-B440-9774CDCEA918}.AppStore|x86.Build.0 = Release|Any CPU
		{FD31EFBA-928D-4408-B440-9774CDCEA918}.Debug|Any CPU.ActiveCfg = Debug|Any CPU
		{FD31EFBA-928D-4408-B440-9774CDCEA918}.Debug|Any CPU.Build.0 = Debug|Any CPU
		{FD31EFBA-928D-4408-B440-9774CDCEA918}.Debug|ARM.ActiveCfg = Debug|Any CPU
		{FD31EFBA-928D-4408-B440-9774CDCEA918}.Debug|ARM.Build.0 = Debug|Any CPU
		{FD31EFBA-928D-4408-B440-9774CDCEA918}.Debug|iPhone.ActiveCfg = Debug|Any CPU
		{FD31EFBA-928D-4408-B440-9774CDCEA918}.Debug|iPhone.Build.0 = Debug|Any CPU
		{FD31EFBA-928D-4408-B440-9774CDCEA918}.Debug|iPhoneSimulator.ActiveCfg = Debug|Any CPU
		{FD31EFBA-928D-4408-B440-9774CDCEA918}.Debug|iPhoneSimulator.Build.0 = Debug|Any CPU
		{FD31EFBA-928D-4408-B440-9774CDCEA918}.Debug|x64.ActiveCfg = Debug|Any CPU
		{FD31EFBA-928D-4408-B440-9774CDCEA918}.Debug|x64.Build.0 = Debug|Any CPU
		{FD31EFBA-928D-4408-B440-9774CDCEA918}.Debug|x86.ActiveCfg = Debug|Any CPU
		{FD31EFBA-928D-4408-B440-9774CDCEA918}.Debug|x86.Build.0 = Debug|Any CPU
		{FD31EFBA-928D-4408-B440-9774CDCEA918}.Release|Any CPU.ActiveCfg = Release|Any CPU
		{FD31EFBA-928D-4408-B440-9774CDCEA918}.Release|Any CPU.Build.0 = Release|Any CPU
		{FD31EFBA-928D-4408-B440-9774CDCEA918}.Release|ARM.ActiveCfg = Release|Any CPU
		{FD31EFBA-928D-4408-B440-9774CDCEA918}.Release|ARM.Build.0 = Release|Any CPU
		{FD31EFBA-928D-4408-B440-9774CDCEA918}.Release|iPhone.ActiveCfg = Release|Any CPU
		{FD31EFBA-928D-4408-B440-9774CDCEA918}.Release|iPhone.Build.0 = Release|Any CPU
		{FD31EFBA-928D-4408-B440-9774CDCEA918}.Release|iPhoneSimulator.ActiveCfg = Release|Any CPU
		{FD31EFBA-928D-4408-B440-9774CDCEA918}.Release|iPhoneSimulator.Build.0 = Release|Any CPU
		{FD31EFBA-928D-4408-B440-9774CDCEA918}.Release|x64.ActiveCfg = Release|Any CPU
		{FD31EFBA-928D-4408-B440-9774CDCEA918}.Release|x64.Build.0 = Release|Any CPU
		{FD31EFBA-928D-4408-B440-9774CDCEA918}.Release|x86.ActiveCfg = Release|Any CPU
		{FD31EFBA-928D-4408-B440-9774CDCEA918}.Release|x86.Build.0 = Release|Any CPU
		{4A8783B7-E037-47C4-AC2E-FF27F5B6E842}.Ad-Hoc|Any CPU.ActiveCfg = Release|x86
		{4A8783B7-E037-47C4-AC2E-FF27F5B6E842}.Ad-Hoc|Any CPU.Build.0 = Release|x86
		{4A8783B7-E037-47C4-AC2E-FF27F5B6E842}.Ad-Hoc|Any CPU.Deploy.0 = Release|x86
		{4A8783B7-E037-47C4-AC2E-FF27F5B6E842}.Ad-Hoc|ARM.ActiveCfg = Release|ARM
		{4A8783B7-E037-47C4-AC2E-FF27F5B6E842}.Ad-Hoc|ARM.Build.0 = Release|ARM
		{4A8783B7-E037-47C4-AC2E-FF27F5B6E842}.Ad-Hoc|ARM.Deploy.0 = Release|ARM
		{4A8783B7-E037-47C4-AC2E-FF27F5B6E842}.Ad-Hoc|iPhone.ActiveCfg = Release|x86
		{4A8783B7-E037-47C4-AC2E-FF27F5B6E842}.Ad-Hoc|iPhone.Build.0 = Release|x86
		{4A8783B7-E037-47C4-AC2E-FF27F5B6E842}.Ad-Hoc|iPhone.Deploy.0 = Release|x86
		{4A8783B7-E037-47C4-AC2E-FF27F5B6E842}.Ad-Hoc|iPhoneSimulator.ActiveCfg = Release|x86
		{4A8783B7-E037-47C4-AC2E-FF27F5B6E842}.Ad-Hoc|iPhoneSimulator.Build.0 = Release|x86
		{4A8783B7-E037-47C4-AC2E-FF27F5B6E842}.Ad-Hoc|iPhoneSimulator.Deploy.0 = Release|x86
		{4A8783B7-E037-47C4-AC2E-FF27F5B6E842}.Ad-Hoc|x64.ActiveCfg = Release|x64
		{4A8783B7-E037-47C4-AC2E-FF27F5B6E842}.Ad-Hoc|x64.Build.0 = Release|x64
		{4A8783B7-E037-47C4-AC2E-FF27F5B6E842}.Ad-Hoc|x64.Deploy.0 = Release|x64
		{4A8783B7-E037-47C4-AC2E-FF27F5B6E842}.Ad-Hoc|x86.ActiveCfg = Release|x86
		{4A8783B7-E037-47C4-AC2E-FF27F5B6E842}.Ad-Hoc|x86.Build.0 = Release|x86
		{4A8783B7-E037-47C4-AC2E-FF27F5B6E842}.Ad-Hoc|x86.Deploy.0 = Release|x86
		{4A8783B7-E037-47C4-AC2E-FF27F5B6E842}.AppStore|Any CPU.ActiveCfg = Release|x86
		{4A8783B7-E037-47C4-AC2E-FF27F5B6E842}.AppStore|Any CPU.Build.0 = Release|x86
		{4A8783B7-E037-47C4-AC2E-FF27F5B6E842}.AppStore|Any CPU.Deploy.0 = Release|x86
		{4A8783B7-E037-47C4-AC2E-FF27F5B6E842}.AppStore|ARM.ActiveCfg = Release|ARM
		{4A8783B7-E037-47C4-AC2E-FF27F5B6E842}.AppStore|ARM.Build.0 = Release|ARM
		{4A8783B7-E037-47C4-AC2E-FF27F5B6E842}.AppStore|ARM.Deploy.0 = Release|ARM
		{4A8783B7-E037-47C4-AC2E-FF27F5B6E842}.AppStore|iPhone.ActiveCfg = Release|x86
		{4A8783B7-E037-47C4-AC2E-FF27F5B6E842}.AppStore|iPhone.Build.0 = Release|x86
		{4A8783B7-E037-47C4-AC2E-FF27F5B6E842}.AppStore|iPhone.Deploy.0 = Release|x86
		{4A8783B7-E037-47C4-AC2E-FF27F5B6E842}.AppStore|iPhoneSimulator.ActiveCfg = Release|x86
		{4A8783B7-E037-47C4-AC2E-FF27F5B6E842}.AppStore|iPhoneSimulator.Build.0 = Release|x86
		{4A8783B7-E037-47C4-AC2E-FF27F5B6E842}.AppStore|iPhoneSimulator.Deploy.0 = Release|x86
		{4A8783B7-E037-47C4-AC2E-FF27F5B6E842}.AppStore|x64.ActiveCfg = Release|x64
		{4A8783B7-E037-47C4-AC2E-FF27F5B6E842}.AppStore|x64.Build.0 = Release|x64
		{4A8783B7-E037-47C4-AC2E-FF27F5B6E842}.AppStore|x64.Deploy.0 = Release|x64
		{4A8783B7-E037-47C4-AC2E-FF27F5B6E842}.AppStore|x86.ActiveCfg = Release|x86
		{4A8783B7-E037-47C4-AC2E-FF27F5B6E842}.AppStore|x86.Build.0 = Release|x86
		{4A8783B7-E037-47C4-AC2E-FF27F5B6E842}.AppStore|x86.Deploy.0 = Release|x86
		{4A8783B7-E037-47C4-AC2E-FF27F5B6E842}.Debug|Any CPU.ActiveCfg = Debug|x86
		{4A8783B7-E037-47C4-AC2E-FF27F5B6E842}.Debug|ARM.ActiveCfg = Debug|ARM
		{4A8783B7-E037-47C4-AC2E-FF27F5B6E842}.Debug|ARM.Build.0 = Debug|ARM
		{4A8783B7-E037-47C4-AC2E-FF27F5B6E842}.Debug|ARM.Deploy.0 = Debug|ARM
		{4A8783B7-E037-47C4-AC2E-FF27F5B6E842}.Debug|iPhone.ActiveCfg = Debug|x86
		{4A8783B7-E037-47C4-AC2E-FF27F5B6E842}.Debug|iPhoneSimulator.ActiveCfg = Debug|x86
		{4A8783B7-E037-47C4-AC2E-FF27F5B6E842}.Debug|x64.ActiveCfg = Debug|x64
		{4A8783B7-E037-47C4-AC2E-FF27F5B6E842}.Debug|x64.Build.0 = Debug|x64
		{4A8783B7-E037-47C4-AC2E-FF27F5B6E842}.Debug|x64.Deploy.0 = Debug|x64
		{4A8783B7-E037-47C4-AC2E-FF27F5B6E842}.Debug|x86.ActiveCfg = Debug|x86
		{4A8783B7-E037-47C4-AC2E-FF27F5B6E842}.Debug|x86.Build.0 = Debug|x86
		{4A8783B7-E037-47C4-AC2E-FF27F5B6E842}.Debug|x86.Deploy.0 = Debug|x86
		{4A8783B7-E037-47C4-AC2E-FF27F5B6E842}.Release|Any CPU.ActiveCfg = Release|x86
		{4A8783B7-E037-47C4-AC2E-FF27F5B6E842}.Release|ARM.ActiveCfg = Release|ARM
		{4A8783B7-E037-47C4-AC2E-FF27F5B6E842}.Release|ARM.Build.0 = Release|ARM
		{4A8783B7-E037-47C4-AC2E-FF27F5B6E842}.Release|ARM.Deploy.0 = Release|ARM
		{4A8783B7-E037-47C4-AC2E-FF27F5B6E842}.Release|iPhone.ActiveCfg = Release|x86
		{4A8783B7-E037-47C4-AC2E-FF27F5B6E842}.Release|iPhoneSimulator.ActiveCfg = Release|x86
		{4A8783B7-E037-47C4-AC2E-FF27F5B6E842}.Release|x64.ActiveCfg = Release|x64
		{4A8783B7-E037-47C4-AC2E-FF27F5B6E842}.Release|x64.Build.0 = Release|x64
		{4A8783B7-E037-47C4-AC2E-FF27F5B6E842}.Release|x64.Deploy.0 = Release|x64
		{4A8783B7-E037-47C4-AC2E-FF27F5B6E842}.Release|x86.ActiveCfg = Release|x86
		{4A8783B7-E037-47C4-AC2E-FF27F5B6E842}.Release|x86.Build.0 = Release|x86
		{4A8783B7-E037-47C4-AC2E-FF27F5B6E842}.Release|x86.Deploy.0 = Release|x86
		{FFBD8ED0-5B4D-4CA2-BD3B-11497B087A80}.Ad-Hoc|Any CPU.ActiveCfg = Ad-Hoc|iPhone
		{FFBD8ED0-5B4D-4CA2-BD3B-11497B087A80}.Ad-Hoc|ARM.ActiveCfg = Ad-Hoc|iPhone
		{FFBD8ED0-5B4D-4CA2-BD3B-11497B087A80}.Ad-Hoc|iPhone.ActiveCfg = Ad-Hoc|iPhone
		{FFBD8ED0-5B4D-4CA2-BD3B-11497B087A80}.Ad-Hoc|iPhone.Build.0 = Ad-Hoc|iPhone
		{FFBD8ED0-5B4D-4CA2-BD3B-11497B087A80}.Ad-Hoc|iPhoneSimulator.ActiveCfg = Ad-Hoc|iPhoneSimulator
		{FFBD8ED0-5B4D-4CA2-BD3B-11497B087A80}.Ad-Hoc|iPhoneSimulator.Build.0 = Ad-Hoc|iPhoneSimulator
		{FFBD8ED0-5B4D-4CA2-BD3B-11497B087A80}.Ad-Hoc|x64.ActiveCfg = Ad-Hoc|iPhone
		{FFBD8ED0-5B4D-4CA2-BD3B-11497B087A80}.Ad-Hoc|x86.ActiveCfg = Ad-Hoc|iPhone
		{FFBD8ED0-5B4D-4CA2-BD3B-11497B087A80}.AppStore|Any CPU.ActiveCfg = AppStore|iPhone
		{FFBD8ED0-5B4D-4CA2-BD3B-11497B087A80}.AppStore|ARM.ActiveCfg = AppStore|iPhone
		{FFBD8ED0-5B4D-4CA2-BD3B-11497B087A80}.AppStore|iPhone.ActiveCfg = AppStore|iPhone
		{FFBD8ED0-5B4D-4CA2-BD3B-11497B087A80}.AppStore|iPhone.Build.0 = AppStore|iPhone
		{FFBD8ED0-5B4D-4CA2-BD3B-11497B087A80}.AppStore|iPhoneSimulator.ActiveCfg = AppStore|iPhoneSimulator
		{FFBD8ED0-5B4D-4CA2-BD3B-11497B087A80}.AppStore|iPhoneSimulator.Build.0 = AppStore|iPhoneSimulator
		{FFBD8ED0-5B4D-4CA2-BD3B-11497B087A80}.AppStore|x64.ActiveCfg = AppStore|iPhone
		{FFBD8ED0-5B4D-4CA2-BD3B-11497B087A80}.AppStore|x86.ActiveCfg = AppStore|iPhone
		{FFBD8ED0-5B4D-4CA2-BD3B-11497B087A80}.Debug|Any CPU.ActiveCfg = Debug|iPhone
		{FFBD8ED0-5B4D-4CA2-BD3B-11497B087A80}.Debug|ARM.ActiveCfg = Debug|iPhone
		{FFBD8ED0-5B4D-4CA2-BD3B-11497B087A80}.Debug|iPhone.ActiveCfg = Debug|iPhone
		{FFBD8ED0-5B4D-4CA2-BD3B-11497B087A80}.Debug|iPhone.Build.0 = Debug|iPhone
		{FFBD8ED0-5B4D-4CA2-BD3B-11497B087A80}.Debug|iPhoneSimulator.ActiveCfg = Debug|iPhoneSimulator
		{FFBD8ED0-5B4D-4CA2-BD3B-11497B087A80}.Debug|iPhoneSimulator.Build.0 = Debug|iPhoneSimulator
		{FFBD8ED0-5B4D-4CA2-BD3B-11497B087A80}.Debug|x64.ActiveCfg = Debug|iPhone
		{FFBD8ED0-5B4D-4CA2-BD3B-11497B087A80}.Debug|x86.ActiveCfg = Debug|iPhone
		{FFBD8ED0-5B4D-4CA2-BD3B-11497B087A80}.Release|Any CPU.ActiveCfg = Release|iPhone
		{FFBD8ED0-5B4D-4CA2-BD3B-11497B087A80}.Release|ARM.ActiveCfg = Release|iPhone
		{FFBD8ED0-5B4D-4CA2-BD3B-11497B087A80}.Release|iPhone.ActiveCfg = Release|iPhone
		{FFBD8ED0-5B4D-4CA2-BD3B-11497B087A80}.Release|iPhone.Build.0 = Release|iPhone
		{FFBD8ED0-5B4D-4CA2-BD3B-11497B087A80}.Release|iPhoneSimulator.ActiveCfg = Release|iPhoneSimulator
		{FFBD8ED0-5B4D-4CA2-BD3B-11497B087A80}.Release|iPhoneSimulator.Build.0 = Release|iPhoneSimulator
		{FFBD8ED0-5B4D-4CA2-BD3B-11497B087A80}.Release|x64.ActiveCfg = Release|iPhone
		{FFBD8ED0-5B4D-4CA2-BD3B-11497B087A80}.Release|x86.ActiveCfg = Release|iPhone
	EndGlobalSection
	GlobalSection(SolutionProperties) = preSolution
		HideSolutionNode = FALSE
	EndGlobalSection
	GlobalSection(ExtensibilityGlobals) = postSolution
		SolutionGuid = {EBDC6DB1-769D-4387-8E60-9A15661CA196}
	EndGlobalSection
EndGlobal
